
Microsoft Visual Studio Solution File, Format Version 12.00
# Visual Studio Version 17
VisualStudioVersion = 17.11.35327.3
MinimumVisualStudioVersion = 10.0.40219.1
Project("{FAE04EC0-301F-11D3-BF4B-00C04F79EFBC}") = "Calculator with calculation history", "Calculator with calculation history\Calculator with calculation history.csproj", "{02769CA2-80AD-43BF-A877-2770272A524B}"
EndProject
Global
	GlobalSection(SolutionConfigurationPlatforms) = preSolution
		Debug|Any CPU = Debug|Any CPU
		Release|Any CPU = Release|Any CPU
	EndGlobalSection
	GlobalSection(ProjectConfigurationPlatforms) = postSolution
		{02769CA2-80AD-43BF-A877-2770272A524B}.Debug|Any CPU.ActiveCfg = Debug|Any CPU
		{02769CA2-80AD-43BF-A877-2770272A524B}.Debug|Any CPU.Build.0 = Debug|Any CPU
		{02769CA2-80AD-43BF-A877-2770272A524B}.Debug|Any CPU.Deploy.0 = Debug|Any CPU
		{02769CA2-80AD-43BF-A877-2770272A524B}.Release|Any CPU.ActiveCfg = Release|Any CPU
		{02769CA2-80AD-43BF-A877-2770272A524B}.Release|Any CPU.Build.0 = Release|Any CPU
		{02769CA2-80AD-43BF-A877-2770272A524B}.Release|Any CPU.Deploy.0 = Release|Any CPU
	EndGlobalSection
	GlobalSection(SolutionProperties) = preSolution
		HideSolutionNode = FALSE
	EndGlobalSection
	GlobalSection(ExtensibilityGlobals) = postSolution
		SolutionGuid = {DE5CF00A-C853-4C56-B9D2-687E1A183CC3}
	EndGlobalSection
EndGlobal
